
Microsoft Visual Studio Solution File, Format Version 12.00
# Visual Studio Version 16
VisualStudioVersion = 16.0.30804.86
MinimumVisualStudioVersion = 10.0.40219.1
Project("{FAE04EC0-301F-11D3-BF4B-00C04F79EFBC}") = "TIC_TAK_TOE GAME", "TIC_TAK_TOE GAME\TIC_TAK_TOE GAME.csproj", "{846A0FC9-825B-4CFC-B233-7742EDDEBD0E}"
EndProject
Global
	GlobalSection(SolutionConfigurationPlatforms) = preSolution
		Debug|Any CPU = Debug|Any CPU
		Release|Any CPU = Release|Any CPU
	EndGlobalSection
	GlobalSection(ProjectConfigurationPlatforms) = postSolution
		{846A0FC9-825B-4CFC-B233-7742EDDEBD0E}.Debug|Any CPU.ActiveCfg = Debug|Any CPU
		{846A0FC9-825B-4CFC-B233-7742EDDEBD0E}.Debug|Any CPU.Build.0 = Debug|Any CPU
		{846A0FC9-825B-4CFC-B233-7742EDDEBD0E}.Release|Any CPU.ActiveCfg = Release|Any CPU
		{846A0FC9-825B-4CFC-B233-7742EDDEBD0E}.Release|Any CPU.Build.0 = Release|Any CPU
	EndGlobalSection
	GlobalSection(SolutionProperties) = preSolution
		HideSolutionNode = FALSE
	EndGlobalSection
	GlobalSection(ExtensibilityGlobals) = postSolution
		SolutionGuid = {F8AFC209-2E12-4A4A-BCAF-EDD76FD5CF4D}
	EndGlobalSection
EndGlobal
